
Microsoft Visual Studio Solution File, Format Version 12.00
# Visual Studio Version 16
VisualStudioVersion = 16.0.30011.22
MinimumVisualStudioVersion = 10.0.40219.1
Project("{9A19103F-16F7-4668-BE54-9A1E7A4F7556}") = "NagerDateAPI-TestProject", "GreenfluxHilda\NagerDateAPI-TestProject.csproj", "{B9FB9735-15F1-4F76-9775-918A5C180248}"
EndProject
Project("{2150E333-8FDC-42A3-9474-1A3956D46DE8}") = "Solution Items", "Solution Items", "{D98D1ADB-B94C-4AF7-AD12-3CA6A799F8E3}"
	ProjectSection(SolutionItems) = preProject
		.editorconfig = .editorconfig
	EndProjectSection
EndProject
Global
	GlobalSection(SolutionConfigurationPlatforms) = preSolution
		Debug|Any CPU = Debug|Any CPU
		Release|Any CPU = Release|Any CPU
	EndGlobalSection
	GlobalSection(ProjectConfigurationPlatforms) = postSolution
		{B9FB9735-15F1-4F76-9775-918A5C180248}.Debug|Any CPU.ActiveCfg = Debug|Any CPU
		{B9FB9735-15F1-4F76-9775-918A5C180248}.Debug|Any CPU.Build.0 = Debug|Any CPU
		{B9FB9735-15F1-4F76-9775-918A5C180248}.Release|Any CPU.ActiveCfg = Release|Any CPU
		{B9FB9735-15F1-4F76-9775-918A5C180248}.Release|Any CPU.Build.0 = Release|Any CPU
	EndGlobalSection
	GlobalSection(SolutionProperties) = preSolution
		HideSolutionNode = FALSE
	EndGlobalSection
	GlobalSection(ExtensibilityGlobals) = postSolution
		SolutionGuid = {05C567CC-8361-49E3-9C1B-9D0A7643D4AD}
	EndGlobalSection
EndGlobal
